<?xml version="1.0" encoding="UTF-8" standalone="yes" ?>
<CodeBlocks_project_file>
	<FileVersion major="1" minor="6" />
	<Project>
		<Option title="GameProject" />
		<Option pch_mode="2" />
		<Option compiler="gcc" />
		<Option virtualFolders="Sources\;Headers\;" />
		<Build>
			<Target title="Debug">
				<Option output="bin/Debug/GameProject" prefix_auto="1" extension_auto="1" />
				<Option object_output="obj/Debug/" />
				<Option type="1" />
				<Option compiler="gcc" />
				<Compiler>
					<Add option="-g" />
					<Add directory="../i686-w64-mingw32/include/SDL2" />
					<Add directory="../i686-w64-mingw32_image/include/SDL2" />
					<Add directory="Headers" />
				</Compiler>
				<Linker>
					<Add option="-lmingw32 -lSDL2main -lSDL2 -lSDL2_image" />
					<Add directory="../i686-w64-mingw32/lib" />
					<Add directory="../i686-w64-mingw32_image/lib" />
				</Linker>
			</Target>
			<Target title="Release">
				<Option output="bin/Release/GameProject" prefix_auto="1" extension_auto="1" />
				<Option object_output="obj/Release/" />
				<Option type="1" />
				<Option compiler="gcc" />
				<Compiler>
					<Add option="-O2" />
				</Compiler>
				<Linker>
					<Add option="-s" />
				</Linker>
			</Target>
		</Build>
		<Compiler>
			<Add option="-Wall" />
			<Add directory="../i686-w64-mingw32/include" />
			<Add directory="../i686-w64-mingw32_image/include" />
			<Add directory="../i686-w64-mingw32_mixer/include" />
			<Add directory="../i686-w64-mingw32_ttf/include" />
		</Compiler>
		<Linker>
			<Add option="-lmingw32 -lSDL2main -lSDL2 -lSDL2_image -lSDL2_ttf -lSDL2_mixer" />
			<Add directory="../i686-w64-mingw32_image/lib" />
			<Add directory="../i686-w64-mingw32/lib" />
			<Add directory="../i686-w64-mingw32_ttf/lib" />
			<Add directory="../i686-w64-mingw32_mixer/lib" />
		</Linker>
		<Unit filename="Animation.cpp" />
		<Unit filename="Animation.h" />
		<Unit filename="Data.h" />
		<Unit filename="Director.cpp" />
		<Unit filename="Director.h" />
		<Unit filename="Flower.cpp" />
		<Unit filename="Flower.h" />
		<Unit filename="Fruit.cpp" />
		<Unit filename="Fruit.h" />
		<Unit filename="Game.cpp" />
		<Unit filename="Game.h" />
		<Unit filename="Layer.cpp" />
		<Unit filename="Layer.h" />
		<Unit filename="LoadingScene.h" />
		<Unit filename="Menu.cpp" />
		<Unit filename="Menu.h" />
		<Unit filename="Mixer.cpp" />
		<Unit filename="Mixer.h" />
		<Unit filename="NotificationLayer.cpp" />
		<Unit filename="NotificationLayer.h" />
		<Unit filename="PauseLayer.cpp" />
		<Unit filename="PauseLayer.h" />
		<Unit filename="Player.cpp" />
		<Unit filename="Player.h" />
		<Unit filename="Resources.cpp" />
		<Unit filename="Resources.h" />
		<Unit filename="Sprite.cpp" />
		<Unit filename="Sprite.h" />
		<Unit filename="TextManager.cpp" />
		<Unit filename="TextManager.h" />
		<Unit filename="TextureManager.cpp" />
		<Unit filename="TextureManager.h" />
		<Unit filename="main.cpp" />
		<Extensions>
			<code_completion />
			<envvars />
			<debugger />
		</Extensions>
	</Project>
</CodeBlocks_project_file>
